langcode: fr
status: true
dependencies:
  config:
    - entityqueue.entity_queue.vactory_partner_slider_block
id: entity_subqueue.vactory_partner_slider_block
target_entity_type_id: entity_subqueue
target_bundle: vactory_partner_slider_block
default_langcode: current_interface
language_alterable: false
