uuid: 099eb71a-5cb0-491c-9fb8-be634b45d097
langcode: en
status: true
dependencies:
  module:
    - block_field
    - menu_link_content
_core:
  default_config_hash: KxbZdMTk_NEeMI30Ktk7wBA-aWr8RZSgHZeZnOsI71A
id: menu_link_content.field_injected_block
field_name: field_injected_block
entity_type: menu_link_content
type: block_field
settings: {  }
module: block_field
locked: false
cardinality: 1
translatable: true
indexes: {  }
persist_with_no_fields: false
custom_storage: false
