uuid: 8d340d83-de8e-4e9f-924c-33e78c578b83
langcode: en
status: true
dependencies:
  module:
    - block_content
    - block_field
_core:
  default_config_hash: hIyopseyawRFAxUiKMTX2n1IqL38S_3MPcU0VAhmcng
id: block_content.field_vactory_block
field_name: field_vactory_block
entity_type: block_content
type: block_field
settings: {  }
module: block_field
locked: false
cardinality: 1
translatable: true
indexes: {  }
persist_with_no_fields: false
custom_storage: false
