uuid: 0a3b54cc-f4f1-4c00-82aa-9f51306741d3
langcode: en
status: true
dependencies:
  module:
    - block_field
    - paragraphs
_core:
  default_config_hash: JidDdhv7tINW5VTPLwIfzwh-2JlOsJVUozi-r02_aYo
id: paragraph.field_vactory_block
field_name: field_vactory_block
entity_type: paragraph
type: block_field
settings: {  }
module: block_field
locked: false
cardinality: 1
translatable: true
indexes: {  }
persist_with_no_fields: false
custom_storage: false
