uuid: ea576e57-733f-42f1-bcfe-76abc301d5b8
langcode: fr
status: true
dependencies:
  config:
    - paragraphs.paragraphs_type.vactory_paragraph_block
  module:
    - content_translation
third_party_settings:
  content_translation:
    enabled: true
    bundle_settings:
      untranslatable_fields_hide: '1'
_core:
  default_config_hash: XYlqEHAf9yA0Jp6uJR6ArxDMsfqyN03NSg4z4_Zb064
id: paragraph.vactory_paragraph_block
target_entity_type_id: paragraph
target_bundle: vactory_paragraph_block
default_langcode: current_interface
language_alterable: false
